
Microsoft Visual Studio Solution File, Format Version 12.00
# Visual Studio 15
VisualStudioVersion = 15.0.27703.2035
MinimumVisualStudioVersion = 10.0.40219.1
Project("{8BC9CEB8-8B4A-11D0-8D11-00A0C91BC942}") = "Lecture4", "CPP_Course\CPP_Course.vcxproj", "{6051410C-65F2-495B-98D9-8464E8B1A377}"
EndProject
Project("{8BC9CEB8-8B4A-11D0-8D11-00A0C91BC942}") = "Lecture5", "Lecture5\Lecture5.vcxproj", "{034FB1C8-B1CF-4209-9530-CC74609FD97E}"
EndProject
Project("{8BC9CEB8-8B4A-11D0-8D11-00A0C91BC942}") = "Lecture6", "Lecture6\Lecture6.vcxproj", "{C62E3E5E-FA95-4E6D-BAED-7B5820788FEA}"
EndProject
Project("{8BC9CEB8-8B4A-11D0-8D11-00A0C91BC942}") = "Lecture7", "Lecture7\Lecture7.vcxproj", "{1EBD7657-A2F0-45BA-BFA2-C1A9A81EFBBF}"
EndProject
Project("{8BC9CEB8-8B4A-11D0-8D11-00A0C91BC942}") = "Lecture8", "Lecture8\Lecture8.vcxproj", "{DEA1E602-CF04-4C0F-892D-30EF5B670F9B}"
EndProject
Global
	GlobalSection(SolutionConfigurationPlatforms) = preSolution
		Debug|x64 = Debug|x64
		Debug|x86 = Debug|x86
		Release|x64 = Release|x64
		Release|x86 = Release|x86
	EndGlobalSection
	GlobalSection(ProjectConfigurationPlatforms) = postSolution
		{6051410C-65F2-495B-98D9-8464E8B1A377}.Debug|x64.ActiveCfg = Debug|x64
		{6051410C-65F2-495B-98D9-8464E8B1A377}.Debug|x64.Build.0 = Debug|x64
		{6051410C-65F2-495B-98D9-8464E8B1A377}.Debug|x86.ActiveCfg = Debug|Win32
		{6051410C-65F2-495B-98D9-8464E8B1A377}.Debug|x86.Build.0 = Debug|Win32
		{6051410C-65F2-495B-98D9-8464E8B1A377}.Release|x64.ActiveCfg = Release|x64
		{6051410C-65F2-495B-98D9-8464E8B1A377}.Release|x64.Build.0 = Release|x64
		{6051410C-65F2-495B-98D9-8464E8B1A377}.Release|x86.ActiveCfg = Release|Win32
		{6051410C-65F2-495B-98D9-8464E8B1A377}.Release|x86.Build.0 = Release|Win32
		{034FB1C8-B1CF-4209-9530-CC74609FD97E}.Debug|x64.ActiveCfg = Debug|x64
		{034FB1C8-B1CF-4209-9530-CC74609FD97E}.Debug|x64.Build.0 = Debug|x64
		{034FB1C8-B1CF-4209-9530-CC74609FD97E}.Debug|x86.ActiveCfg = Debug|Win32
		{034FB1C8-B1CF-4209-9530-CC74609FD97E}.Debug|x86.Build.0 = Debug|Win32
		{034FB1C8-B1CF-4209-9530-CC74609FD97E}.Release|x64.ActiveCfg = Release|x64
		{034FB1C8-B1CF-4209-9530-CC74609FD97E}.Release|x64.Build.0 = Release|x64
		{034FB1C8-B1CF-4209-9530-CC74609FD97E}.Release|x86.ActiveCfg = Release|Win32
		{034FB1C8-B1CF-4209-9530-CC74609FD97E}.Release|x86.Build.0 = Release|Win32
		{C62E3E5E-FA95-4E6D-BAED-7B5820788FEA}.Debug|x64.ActiveCfg = Debug|x64
		{C62E3E5E-FA95-4E6D-BAED-7B5820788FEA}.Debug|x64.Build.0 = Debug|x64
		{C62E3E5E-FA95-4E6D-BAED-7B5820788FEA}.Debug|x86.ActiveCfg = Debug|Win32
		{C62E3E5E-FA95-4E6D-BAED-7B5820788FEA}.Debug|x86.Build.0 = Debug|Win32
		{C62E3E5E-FA95-4E6D-BAED-7B5820788FEA}.Release|x64.ActiveCfg = Release|x64
		{C62E3E5E-FA95-4E6D-BAED-7B5820788FEA}.Release|x64.Build.0 = Release|x64
		{C62E3E5E-FA95-4E6D-BAED-7B5820788FEA}.Release|x86.ActiveCfg = Release|Win32
		{C62E3E5E-FA95-4E6D-BAED-7B5820788FEA}.Release|x86.Build.0 = Release|Win32
		{1EBD7657-A2F0-45BA-BFA2-C1A9A81EFBBF}.Debug|x64.ActiveCfg = Debug|x64
		{1EBD7657-A2F0-45BA-BFA2-C1A9A81EFBBF}.Debug|x64.Build.0 = Debug|x64
		{1EBD7657-A2F0-45BA-BFA2-C1A9A81EFBBF}.Debug|x86.ActiveCfg = Debug|Win32
		{1EBD7657-A2F0-45BA-BFA2-C1A9A81EFBBF}.Debug|x86.Build.0 = Debug|Win32
		{1EBD7657-A2F0-45BA-BFA2-C1A9A81EFBBF}.Release|x64.ActiveCfg = Release|x64
		{1EBD7657-A2F0-45BA-BFA2-C1A9A81EFBBF}.Release|x64.Build.0 = Release|x64
		{1EBD7657-A2F0-45BA-BFA2-C1A9A81EFBBF}.Release|x86.ActiveCfg = Release|Win32
		{1EBD7657-A2F0-45BA-BFA2-C1A9A81EFBBF}.Release|x86.Build.0 = Release|Win32
		{DEA1E602-CF04-4C0F-892D-30EF5B670F9B}.Debug|x64.ActiveCfg = Debug|x64
		{DEA1E602-CF04-4C0F-892D-30EF5B670F9B}.Debug|x64.Build.0 = Debug|x64
		{DEA1E602-CF04-4C0F-892D-30EF5B670F9B}.Debug|x86.ActiveCfg = Debug|Win32
		{DEA1E602-CF04-4C0F-892D-30EF5B670F9B}.Debug|x86.Build.0 = Debug|Win32
		{DEA1E602-CF04-4C0F-892D-30EF5B670F9B}.Release|x64.ActiveCfg = Release|x64
		{DEA1E602-CF04-4C0F-892D-30EF5B670F9B}.Release|x64.Build.0 = Release|x64
		{DEA1E602-CF04-4C0F-892D-30EF5B670F9B}.Release|x86.ActiveCfg = Release|Win32
		{DEA1E602-CF04-4C0F-892D-30EF5B670F9B}.Release|x86.Build.0 = Release|Win32
	EndGlobalSection
	GlobalSection(SolutionProperties) = preSolution
		HideSolutionNode = FALSE
	EndGlobalSection
	GlobalSection(ExtensibilityGlobals) = postSolution
		SolutionGuid = {DCC64467-49BB-4D8A-BBCC-327D587D60E3}
	EndGlobalSection
EndGlobal
